
Microsoft Visual Studio Solution File, Format Version 12.00
# Visual Studio 15
VisualStudioVersion = 15.0.28010.2048
MinimumVisualStudioVersion = 10.0.40219.1
Project("{FAE04EC0-301F-11D3-BF4B-00C04F79EFBC}") = "InterviewApp", "InterviewApp\InterviewApp.csproj", "{F2AA00E0-7C08-49DE-8969-39A4EB19D93A}"
EndProject
Project("{2150E333-8FDC-42A3-9474-1A3956D46DE8}") = "Tests", "Tests", "{F0E01A4C-C923-483A-A557-A64BEB0EBF79}"
EndProject
Project("{FAE04EC0-301F-11D3-BF4B-00C04F79EFBC}") = "InterviewApp.Tests", "InterviewApp.Tests\InterviewApp.Tests.csproj", "{C29E28E9-77B3-4A07-A94C-A7CAABE9E460}"
EndProject
Global
	GlobalSection(SolutionConfigurationPlatforms) = preSolution
		Debug|Any CPU = Debug|Any CPU
		Release|Any CPU = Release|Any CPU
	EndGlobalSection
	GlobalSection(ProjectConfigurationPlatforms) = postSolution
		{F2AA00E0-7C08-49DE-8969-39A4EB19D93A}.Debug|Any CPU.ActiveCfg = Debug|Any CPU
		{F2AA00E0-7C08-49DE-8969-39A4EB19D93A}.Debug|Any CPU.Build.0 = Debug|Any CPU
		{F2AA00E0-7C08-49DE-8969-39A4EB19D93A}.Release|Any CPU.ActiveCfg = Release|Any CPU
		{F2AA00E0-7C08-49DE-8969-39A4EB19D93A}.Release|Any CPU.Build.0 = Release|Any CPU
		{C29E28E9-77B3-4A07-A94C-A7CAABE9E460}.Debug|Any CPU.ActiveCfg = Debug|Any CPU
		{C29E28E9-77B3-4A07-A94C-A7CAABE9E460}.Debug|Any CPU.Build.0 = Debug|Any CPU
		{C29E28E9-77B3-4A07-A94C-A7CAABE9E460}.Release|Any CPU.ActiveCfg = Release|Any CPU
		{C29E28E9-77B3-4A07-A94C-A7CAABE9E460}.Release|Any CPU.Build.0 = Release|Any CPU
	EndGlobalSection
	GlobalSection(SolutionProperties) = preSolution
		HideSolutionNode = FALSE
	EndGlobalSection
	GlobalSection(NestedProjects) = preSolution
		{C29E28E9-77B3-4A07-A94C-A7CAABE9E460} = {F0E01A4C-C923-483A-A557-A64BEB0EBF79}
	EndGlobalSection
	GlobalSection(ExtensibilityGlobals) = postSolution
		SolutionGuid = {A345D603-DFA2-46C5-8425-C0F764B34B02}
	EndGlobalSection
EndGlobal
